
Microsoft Visual Studio Solution File, Format Version 12.00
# Visual Studio Version 16
VisualStudioVersion = 16.0.31313.79
MinimumVisualStudioVersion = 10.0.40219.1
Project("{FAE04EC0-301F-11D3-BF4B-00C04F79EFBC}") = "foreach()statementslide95", "foreach()statementslide95\foreach()statementslide95.csproj", "{F00C18F2-AF89-40FB-9CC2-0A456E5CF987}"
EndProject
Global
	GlobalSection(SolutionConfigurationPlatforms) = preSolution
		Debug|Any CPU = Debug|Any CPU
		Release|Any CPU = Release|Any CPU
	EndGlobalSection
	GlobalSection(ProjectConfigurationPlatforms) = postSolution
		{F00C18F2-AF89-40FB-9CC2-0A456E5CF987}.Debug|Any CPU.ActiveCfg = Debug|Any CPU
		{F00C18F2-AF89-40FB-9CC2-0A456E5CF987}.Debug|Any CPU.Build.0 = Debug|Any CPU
		{F00C18F2-AF89-40FB-9CC2-0A456E5CF987}.Release|Any CPU.ActiveCfg = Release|Any CPU
		{F00C18F2-AF89-40FB-9CC2-0A456E5CF987}.Release|Any CPU.Build.0 = Release|Any CPU
	EndGlobalSection
	GlobalSection(SolutionProperties) = preSolution
		HideSolutionNode = FALSE
	EndGlobalSection
	GlobalSection(ExtensibilityGlobals) = postSolution
		SolutionGuid = {1FCD37C3-A947-4634-A4C6-930A0CC20A4C}
	EndGlobalSection
EndGlobal
